{
    "_meta": {
        "hash": {
            "sha256": "0b26d55a3c04d302c7df867352dab8de5648eeb511e4b7177f37b068c3101b03"
        },
        "pipfile-spec": 6,
        "requires": {
            "python_version": "3.7"
        },
        "sources": [
            {
                "name": "pypi",
                "url": "https://pypi.org/simple",
                "verify_ssl": true
            }
        ]
    },
    "default": {
        "amqp": {
            "hashes": [
                "sha256:1e5f707424e544078ca196e72ae6a14887ce74e02bd126be54b7c03c971bef18",
                "sha256:9cd81f7b023fc04bbb108718fbac674f06901b77bfcdce85b10e2a5d0ee91be5"
            ],
            "markers": "python_version >= '3.6'",
            "version": "==5.0.9"
        },
        "aniso8601": {
            "hashes": [
                "sha256:513d2b6637b7853806ae79ffaca6f3e8754bdd547048f5ccc1420aec4b714f1e",
                "sha256:d10a4bf949f619f719b227ef5386e31f49a2b6d453004b21f02661ccc8670c7b"
            ],
            "version": "==7.0.0"
        },
        "billiard": {
            "hashes": [
                "sha256:299de5a8da28a783d51b197d496bef4f1595dd023a93a4f59dde1886ae905547",
                "sha256:87103ea78fa6ab4d5c751c4909bcff74617d985de7fa8b672cf8618afd5a875b"
            ],
            "version": "==3.6.4.0"
        },
        "boto3": {
            "hashes": [
                "sha256:0e4d047feb4d7d701e9b2107f10bb8d674952243385cd35d0b413a273c299751",
                "sha256:67f957389cf56fb4c24c1093c6d58baebe6cf18139f6dca0f8a177239b0a4f8c"
            ],
            "index": "pypi",
            "version": "==1.9.232"
        },
        "botocore": {
            "hashes": [
                "sha256:3baf129118575602ada9926f5166d82d02273c250d0feb313fc270944b27c48b",
                "sha256:dc080aed4f9b220a9e916ca29ca97a9d37e8e1d296fe89cbaeef929bf0c8066b"
            ],
            "version": "==1.12.253"
        },
        "cached-property": {
            "hashes": [
                "sha256:9fa5755838eecbb2d234c3aa390bd80fbd3ac6b6869109bfc1b499f7bd89a130",
                "sha256:df4f613cf7ad9a588cc381aaf4a512d26265ecebd5eb9e1ba12f1319eb85a6a0"
            ],
            "markers": "python_version < '3.8'",
            "version": "==1.5.2"
        },
        "celery": {
            "hashes": [
                "sha256:2844eb040e915398623a43253a8e1016723442ece6b0751a3c416d8a2b34216f",
                "sha256:5a68a351076cfac4f678fa5ffd898105c28825a2224902da006970005196d061"
            ],
            "index": "pypi",
            "version": "==5.2.2"
        },
        "click": {
            "hashes": [
                "sha256:353f466495adaeb40b6b5f592f9f91cb22372351c84caeb068132442a4518ef3",
                "sha256:410e932b050f5eed773c4cda94de75971c89cdb3155a72a0831139a79e5ecb5b"
            ],
            "markers": "python_version >= '3.6'",
            "version": "==8.0.3"
        },
        "click-didyoumean": {
            "hashes": [
                "sha256:a0713dc7a1de3f06bc0df5a9567ad19ead2d3d5689b434768a6145bff77c0667",
                "sha256:f184f0d851d96b6d29297354ed981b7dd71df7ff500d82fa6d11f0856bee8035"
            ],
            "markers": "python_full_version >= '3.6.2' and python_full_version < '4.0.0'",
            "version": "==0.3.0"
        },
        "click-plugins": {
            "hashes": [
                "sha256:46ab999744a9d831159c3411bb0c79346d94a444df9a3a3742e9ed63645f264b",
                "sha256:5d262006d3222f5057fd81e1623d4443e41dcda5dc815c06b442aa3c02889fc8"
            ],
            "version": "==1.1.1"
        },
        "click-repl": {
            "hashes": [
                "sha256:94b3fbbc9406a236f176e0506524b2937e4b23b6f4c0c0b2a0a83f8a64e9194b",
                "sha256:cd12f68d745bf6151210790540b4cb064c7b13e571bc64b6957d98d120dacfd8"
            ],
            "version": "==0.2.0"
        },
        "dj-database-url": {
            "hashes": [
                "sha256:4aeaeb1f573c74835b0686a2b46b85990571159ffc21aa57ecd4d1e1cb334163",
                "sha256:851785365761ebe4994a921b433062309eb882fedd318e1b0fcecc607ed02da9"
            ],
            "index": "pypi",
            "version": "==0.5.0"
        },
        "django": {
            "hashes": [
                "sha256:1226168be1b1c7efd0e66ee79b0e0b58b2caa7ed87717909cd8a57bb13a7079a",
                "sha256:9a4635813e2d498a3c01b10c701fe4a515d76dd290aaa792ccb65ca4ccb6b038"
            ],
            "index": "pypi",
            "version": "==2.2.10"
        },
        "django-cors-headers": {
            "hashes": [
                "sha256:e4b12209b3a0bc577883fe0ac0aa3adac9e82742389f8ddb6c6b41c66b1e9c4f",
                "sha256:e69b1c909f2eddc7ef2a24f071583bc22b73b871731ea3370ac52b3318c43b3c"
            ],
            "index": "pypi",
            "version": "==3.1.0"
        },
        "django-filter": {
            "hashes": [
                "sha256:558c727bce3ffa89c4a7a0b13bc8976745d63e5fd576b3a9a851650ef11c401b",
                "sha256:c3deb57f0dd7ff94d7dce52a047516822013e2b441bed472b722a317658cfd14"
            ],
            "index": "pypi",
            "version": "==2.2.0"
        },
        "docutils": {
            "hashes": [
                "sha256:6c4f696463b79f1fb8ba0c594b63840ebd41f059e92b31957c46b74a4599b6d0",
                "sha256:9e4d7ecfc600058e07ba661411a2b7de2fd0fafa17d1a7f7361cd47b1175c827",
                "sha256:a2aeea129088da402665e92e0b25b04b073c04b2dce4ab65caaa38b7ce2e1a99"
            ],
            "markers": "python_version >= '2.6' and python_version not in '3.0, 3.1, 3.2, 3.3'",
            "version": "==0.15.2"
        },
        "exifread": {
            "hashes": [
                "sha256:4aa9d227db5c4cd65d87520076140a6f84e33363e08e649b87c7afec6bab60ab",
                "sha256:79e244f2eb466709029e8806fe5e2cdd557870c3db5f68954db0ef548d9320ad"
            ],
            "index": "pypi",
            "version": "==2.1.2"
        },
        "graphene": {
            "hashes": [
                "sha256:3d446eb1237c551052bc31155cf1a3a607053e4f58c9172b83a1b597beaa0868",
                "sha256:b9f2850e064eebfee9a3ef4a1f8aa0742848d97652173ab44c82cc8a62b9ed93"
            ],
            "version": "==2.1.9"
        },
        "graphene-django": {
            "hashes": [
                "sha256:25f2bdf41e30bc7b860c1c13bfb4ba5c3961712394f16e847d79a69fc25a06b1",
                "sha256:d75b3e468d8d765d5964bc809e403b44bf7c37556c0464230a5083bccf14581b"
            ],
            "index": "pypi",
            "version": "==2.5.0"
        },
        "graphql-core": {
            "hashes": [
                "sha256:44c9bac4514e5e30c5a595fac8e3c76c1975cae14db215e8174c7fe995825bad",
                "sha256:aac46a9ac524c9855910c14c48fc5d60474def7f99fd10245e76608eba7af746"
            ],
            "version": "==2.3.2"
        },
        "graphql-relay": {
            "hashes": [
                "sha256:870b6b5304123a38a0b215a79eace021acce5a466bf40cd39fa18cb8528afabb",
                "sha256:ac514cb86db9a43014d7e73511d521137ac12cf0101b2eaa5f0a3da2e10d913d"
            ],
            "version": "==2.0.1"
        },
        "importlib-metadata": {
            "hashes": [
                "sha256:92a8b58ce734b2a4494878e0ecf7d79ccd7a128b5fc6014c401e0b61f006f0f6",
                "sha256:b7cf7d3fef75f1e4c80a96ca660efbd51473d7e8f39b5ab9210febc7809012a4"
            ],
            "markers": "python_version < '3.8'",
            "version": "==4.10.0"
        },
        "jmespath": {
            "hashes": [
                "sha256:b85d0567b8666149a93172712e68920734333c0ce7e89b78b3e987f71e5ed4f9",
                "sha256:cdf6525904cc597730141d61b36f2e4b8ecc257c420fa2f4549bac2c2d0cb72f"
            ],
            "markers": "python_version >= '2.6' and python_version not in '3.0, 3.1, 3.2, 3.3'",
            "version": "==0.10.0"
        },
        "kombu": {
            "hashes": [
                "sha256:81a90c1de97e08d3db37dbf163eaaf667445e1068c98bfd89f051a40e9f6dbbd",
                "sha256:eeaeb8024f3a5cfc71c9250e45cddb8493f269d74ada2f74909a93c59c4b4179"
            ],
            "markers": "python_version >= '3.7'",
            "version": "==5.2.3"
        },
        "mypy": {
            "hashes": [
                "sha256:0107bff4f46a289f0e4081d59b77cef1c48ea43da5a0dbf0005d54748b26df2a",
                "sha256:07957f5471b3bb768c61f08690c96d8a09be0912185a27a68700f3ede99184e4",
                "sha256:10af62f87b6921eac50271e667cc234162a194e742d8e02fc4ddc121e129a5b0",
                "sha256:11fd60d2f69f0cefbe53ce551acf5b1cec1a89e7ce2d47b4e95a84eefb2899ae",
                "sha256:15e43d3b1546813669bd1a6ec7e6a11d2888db938e0607f7b5eef6b976671339",
                "sha256:352c24ba054a89bb9a35dd064ee95ab9b12903b56c72a8d3863d882e2632dc76",
                "sha256:437020a39417e85e22ea8edcb709612903a9924209e10b3ec6d8c9f05b79f498",
                "sha256:49925f9da7cee47eebf3420d7c0e00ec662ec6abb2780eb0a16260a7ba25f9c4",
                "sha256:6724fcd5777aa6cebfa7e644c526888c9d639bd22edd26b2a8038c674a7c34bd",
                "sha256:7a17613f7ea374ab64f39f03257f22b5755335b73251d0d253687a69029701ba",
                "sha256:cdc1151ced496ca1496272da7fc356580e95f2682be1d32377c22ddebdf73c91"
            ],
            "index": "pypi",
            "version": "==0.720"
        },
        "mypy-extensions": {
            "hashes": [
                "sha256:090fedd75945a69ae91ce1303b5824f428daf5a028d2f6ab8a299250a846f15d",
                "sha256:2d82818f5bb3e369420cb3c4060a7970edba416647068eb4c5343488a6c604a8"
            ],
            "version": "==0.4.3"
        },
        "promise": {
            "hashes": [
                "sha256:dfd18337c523ba4b6a58801c164c1904a9d4d1b1747c7d5dbf45b693a49d93d0"
            ],
            "version": "==2.3"
        },
        "prompt-toolkit": {
            "hashes": [
                "sha256:1bb05628c7d87b645974a1bad3f17612be0c29fa39af9f7688030163f680bad6",
                "sha256:e56f2ff799bacecd3e88165b1e2f5ebf9bcd59e80e06d395fa0cc4b8bd7bb506"
            ],
            "markers": "python_full_version >= '3.6.2'",
            "version": "==3.0.24"
        },
        "psycopg2": {
            "hashes": [
                "sha256:128d0fa910ada0157bba1cb74a9c5f92bb8a1dca77cf91a31eb274d1f889e001",
                "sha256:227fd46cf9b7255f07687e5bde454d7d67ae39ca77e170097cdef8ebfc30c323",
                "sha256:2315e7f104681d498ccf6fd70b0dba5bce65d60ac92171492bfe228e21dcc242",
                "sha256:4b5417dcd2999db0f5a891d54717cfaee33acc64f4772c4bc574d4ff95ed9d80",
                "sha256:640113ddc943522aaf71294e3f2d24013b0edd659b7820621492c9ebd3a2fb0b",
                "sha256:897a6e838319b4bf648a574afb6cabcb17d0488f8c7195100d48d872419f4457",
                "sha256:8dceca81409898c870e011c71179454962dec152a1a6b86a347f4be74b16d864",
                "sha256:b1b8e41da09a0c3ef0b3d4bb72da0dde2abebe583c1e8462973233fd5ad0235f",
                "sha256:cb407fccc12fc29dc331f2b934913405fa49b9b75af4f3a72d0f50f57ad2ca23",
                "sha256:d3a27550a8185e53b244ad7e79e307594b92fede8617d80200a8cce1fba2c60f",
                "sha256:f0e6b697a975d9d3ccd04135316c947dd82d841067c7800ccf622a8717e98df1"
            ],
            "index": "pypi",
            "version": "==2.8.3"
        },
        "python-dateutil": {
            "hashes": [
                "sha256:0123cacc1627ae19ddf3c27a5de5bd67ee4586fbdd6440d9748f8abb483d3e86",
                "sha256:961d03dc3453ebbc59dbdea9e4e11c5651520a876d0f4db161e8674aae935da9"
            ],
            "markers": "python_version >= '2.7'",
            "version": "==2.8.2"
        },
        "pytz": {
            "hashes": [
                "sha256:3672058bc3453457b622aab7a1c3bfd5ab0bdae451512f6cf25f64ed37f5b87c",
                "sha256:acad2d8b20a1af07d4e4c9d2e9285c5ed9104354062f275f3fcd88dcef4f1326"
            ],
            "version": "==2021.3"
        },
        "redis": {
            "hashes": [
                "sha256:98a22fb750c9b9bb46e75e945dc3f61d0ab30d06117cbb21ff9cd1d315fedd3b",
                "sha256:c504251769031b0dd7dd5cf786050a6050197c6de0d37778c80c08cb04ae8275"
            ],
            "index": "pypi",
            "version": "==3.3.8"
        },
        "rx": {
            "hashes": [
                "sha256:13a1d8d9e252625c173dc795471e614eadfe1cf40ffc684e08b8fff0d9748c23",
                "sha256:7357592bc7e881a95e0c2013b73326f704953301ab551fbc8133a6fadab84105"
            ],
            "version": "==1.6.1"
        },
        "s3transfer": {
            "hashes": [
                "sha256:6efc926738a3cd576c2a79725fed9afde92378aa5c6a957e3af010cb019fac9d",
                "sha256:b780f2411b824cb541dbcd2c713d0cb61c7d1bcadae204cdddda2b35cef493ba"
            ],
            "version": "==0.2.1"
        },
        "setuptools": {
            "hashes": [
                "sha256:2932bfeb248c648dc411ea9714d5a6de7a33ef1a0db2f0fce644d8172b0479e8",
                "sha256:2b62b3dbec1fe95585dadf3bd9a014c8c578624918190428c3a7994bb52ae2b8"
            ],
            "markers": "python_version >= '3.7'",
            "version": "==60.3.1"
        },
        "singledispatch": {
            "hashes": [
                "sha256:bc77afa97c8a22596d6d4fc20f1b7bdd2b86edc2a65a4262bdd7cc3cc19aa989",
                "sha256:c1a4d5c1da310c3fd8fccfb8d4e1cb7df076148fd5d858a819e37fffe44f3092"
            ],
            "markers": "python_version >= '2.6'",
            "version": "==3.7.0"
        },
        "six": {
            "hashes": [
                "sha256:1e61c37477a1626458e36f7b1d82aa5c9b094fa4802892072e49de9c60c4c926",
                "sha256:8abb2f1d86890a2dfb989f9a77cfcfd3e47c2a354b01111771326f8aa26e0254"
            ],
            "markers": "python_version >= '2.7' and python_version not in '3.0, 3.1, 3.2, 3.3'",
            "version": "==1.16.0"
        },
        "sqlparse": {
            "hashes": [
                "sha256:0c00730c74263a94e5a9919ade150dfc3b19c574389985446148402998287dae",
                "sha256:48719e356bb8b42991bdbb1e8b83223757b93789c00910a616a071910ca4a64d"
            ],
            "markers": "python_version >= '3.5'",
            "version": "==0.4.2"
        },
        "typed-ast": {
            "hashes": [
                "sha256:01ae5f73431d21eead5015997ab41afa53aa1fbe252f9da060be5dad2c730ace",
                "sha256:067a74454df670dcaa4e59349a2e5c81e567d8d65458d480a5b3dfecec08c5ff",
                "sha256:0fb71b8c643187d7492c1f8352f2c15b4c4af3f6338f21681d3681b3dc31a266",
                "sha256:1b3ead4a96c9101bef08f9f7d1217c096f31667617b58de957f690c92378b528",
                "sha256:2068531575a125b87a41802130fa7e29f26c09a2833fea68d9a40cf33902eba6",
                "sha256:209596a4ec71d990d71d5e0d312ac935d86930e6eecff6ccc7007fe54d703808",
                "sha256:2c726c276d09fc5c414693a2de063f521052d9ea7c240ce553316f70656c84d4",
                "sha256:398e44cd480f4d2b7ee8d98385ca104e35c81525dd98c519acff1b79bdaac363",
                "sha256:52b1eb8c83f178ab787f3a4283f68258525f8d70f778a2f6dd54d3b5e5fb4341",
                "sha256:5feca99c17af94057417d744607b82dd0a664fd5e4ca98061480fd8b14b18d04",
                "sha256:7538e495704e2ccda9b234b82423a4038f324f3a10c43bc088a1636180f11a41",
                "sha256:760ad187b1041a154f0e4d0f6aae3e40fdb51d6de16e5c99aedadd9246450e9e",
                "sha256:777a26c84bea6cd934422ac2e3b78863a37017618b6e5c08f92ef69853e765d3",
                "sha256:95431a26309a21874005845c21118c83991c63ea800dd44843e42a916aec5899",
                "sha256:9ad2c92ec681e02baf81fdfa056fe0d818645efa9af1f1cd5fd6f1bd2bdfd805",
                "sha256:9c6d1a54552b5330bc657b7ef0eae25d00ba7ffe85d9ea8ae6540d2197a3788c",
                "sha256:aee0c1256be6c07bd3e1263ff920c325b59849dc95392a05f258bb9b259cf39c",
                "sha256:af3d4a73793725138d6b334d9d247ce7e5f084d96284ed23f22ee626a7b88e39",
                "sha256:b36b4f3920103a25e1d5d024d155c504080959582b928e91cb608a65c3a49e1a",
                "sha256:b9574c6f03f685070d859e75c7f9eeca02d6933273b5e69572e5ff9d5e3931c3",
                "sha256:bff6ad71c81b3bba8fa35f0f1921fb24ff4476235a6e94a26ada2e54370e6da7",
                "sha256:c190f0899e9f9f8b6b7863debfb739abcb21a5c054f911ca3596d12b8a4c4c7f",
                "sha256:c907f561b1e83e93fad565bac5ba9c22d96a54e7ea0267c708bffe863cbe4075",
                "sha256:cae53c389825d3b46fb37538441f75d6aecc4174f615d048321b716df2757fb0",
                "sha256:dd4a21253f42b8d2b48410cb31fe501d32f8b9fbeb1f55063ad102fe9c425e40",
                "sha256:dde816ca9dac1d9c01dd504ea5967821606f02e510438120091b84e852367428",
                "sha256:f2362f3cb0f3172c42938946dbc5b7843c2a28aec307c49100c8b38764eb6927",
                "sha256:f328adcfebed9f11301eaedfa48e15bdece9b519fb27e6a8c01aa52a17ec31b3",
                "sha256:f8afcf15cc511ada719a88e013cec87c11aff7b91f019295eb4530f96fe5ef2f",
                "sha256:fb1bbeac803adea29cedd70781399c99138358c26d05fcbd23c13016b7f5ec65"
            ],
            "version": "==1.4.3"
        },
        "typing-extensions": {
            "hashes": [
                "sha256:4ca091dea149f945ec56afb48dae714f21e8692ef22a395223bcd328961b6a0e",
                "sha256:7f001e5ac290a0c0401508864c7ec868be4e701886d5b573a9528ed3973d9d3b"
            ],
            "markers": "python_version >= '3.6'",
            "version": "==4.0.1"
        },
        "urllib3": {
            "hashes": [
                "sha256:8d7eaa5a82a1cac232164990f04874c594c9453ec55eef02eab885aa02fc17a2",
                "sha256:f5321fbe4bf3fefa0efd0bfe7fb14e90909eb62a48ccda331726b4319897dd5e"
            ],
            "markers": "python_version >= '3.4'",
            "version": "==1.25.11"
        },
        "uwsgi": {
            "hashes": [
                "sha256:4972ac538800fb2d421027f49b4a1869b66048839507ccf0aa2fda792d99f583"
            ],
            "index": "pypi",
            "version": "==2.0.18"
        },
        "vine": {
            "hashes": [
                "sha256:4c9dceab6f76ed92105027c49c823800dd33cacce13bdedc5b914e3514b7fb30",
                "sha256:7d3b1624a953da82ef63462013bbd271d3eb75751489f9807598e8f340bd637e"
            ],
            "markers": "python_version >= '3.6'",
            "version": "==5.0.0"
        },
        "wcwidth": {
            "hashes": [
                "sha256:beb4802a9cebb9144e99086eff703a642a13d6a0052920003a230f3294bbe784",
                "sha256:c4d647b99872929fdb7bdcaa4fbe7f01413ed3d98077df798530e5b04f116c83"
            ],
            "version": "==0.2.5"
        },
        "zipp": {
            "hashes": [
                "sha256:9f50f446828eb9d45b267433fd3e9da8d801f614129124863f9c51ebceafb87d",
                "sha256:b47250dd24f92b7dd6a0a8fc5244da14608f3ca90a5efcd37a3b1642fac9a375"
            ],
            "markers": "python_version >= '3.7'",
            "version": "==3.7.0"
        }
    },
    "develop": {
        "autopep8": {
            "hashes": [
                "sha256:4d8eec30cc81bc5617dbf1218201d770dc35629363547f17577c61683ccfb3ee"
            ],
            "index": "pypi",
            "version": "==1.4.4"
        },
        "pycodestyle": {
            "hashes": [
                "sha256:720f8b39dde8b293825e7ff02c475f3077124006db4f440dcbc9a20b76548a20",
                "sha256:eddd5847ef438ea1c7870ca7eb78a9d47ce0cdb4851a5523949f2601d0cbbe7f"
            ],
            "markers": "python_version >= '2.7' and python_version not in '3.0, 3.1, 3.2, 3.3, 3.4'",
            "version": "==2.8.0"
        }
    }
}
